
Microsoft Visual Studio Solution File, Format Version 12.00
# Visual Studio 15
VisualStudioVersion = 15.0.27703.2047
MinimumVisualStudioVersion = 10.0.40219.1
Project("{9A19103F-16F7-4668-BE54-9A1E7A4F7556}") = "consumer", "..\Consumer\src\consumer.csproj", "{C4376D3D-B78B-4DD8-AEAC-9DA7D29C00DA}"
EndProject
Project("{9A19103F-16F7-4668-BE54-9A1E7A4F7556}") = "provider", "..\Provider\src\provider.csproj", "{AB784E35-8775-4DBC-83C2-BA8351CE511E}"
EndProject
Global
	GlobalSection(SolutionConfigurationPlatforms) = preSolution
		Debug|Any CPU = Debug|Any CPU
		Release|Any CPU = Release|Any CPU
	EndGlobalSection
	GlobalSection(ProjectConfigurationPlatforms) = postSolution
		{C4376D3D-B78B-4DD8-AEAC-9DA7D29C00DA}.Debug|Any CPU.ActiveCfg = Debug|Any CPU
		{C4376D3D-B78B-4DD8-AEAC-9DA7D29C00DA}.Debug|Any CPU.Build.0 = Debug|Any CPU
		{C4376D3D-B78B-4DD8-AEAC-9DA7D29C00DA}.Release|Any CPU.ActiveCfg = Release|Any CPU
		{C4376D3D-B78B-4DD8-AEAC-9DA7D29C00DA}.Release|Any CPU.Build.0 = Release|Any CPU
		{AB784E35-8775-4DBC-83C2-BA8351CE511E}.Debug|Any CPU.ActiveCfg = Debug|Any CPU
		{AB784E35-8775-4DBC-83C2-BA8351CE511E}.Debug|Any CPU.Build.0 = Debug|Any CPU
		{AB784E35-8775-4DBC-83C2-BA8351CE511E}.Release|Any CPU.ActiveCfg = Release|Any CPU
		{AB784E35-8775-4DBC-83C2-BA8351CE511E}.Release|Any CPU.Build.0 = Release|Any CPU
	EndGlobalSection
	GlobalSection(SolutionProperties) = preSolution
		HideSolutionNode = FALSE
	EndGlobalSection
	GlobalSection(ExtensibilityGlobals) = postSolution
		SolutionGuid = {7880A18B-D718-4EC5-8E79-3E8776ABCCF0}
	EndGlobalSection
EndGlobal
